// !$*UTF8*$!
{
	archiveVersion = 1;
	classes = {
	};
	objectVersion = 50;
	objects = {

/* Begin PBXBuildFile section */
		0430FCB02080A46A000FDA6C /* AppDelegate.m in Sources */ = {isa = PBXBuildFile; fileRef = 0430FCAF2080A46A000FDA6C /* AppDelegate.m */; };
		0430FCB32080A46A000FDA6C /* ViewController.m in Sources */ = {isa = PBXBuildFile; fileRef = 0430FCB22080A46A000FDA6C /* ViewController.m */; };
		0430FCB62080A46A000FDA6C /* Main.storyboard in Resources */ = {isa = PBXBuildFile; fileRef = 0430FCB42080A46A000FDA6C /* Main.storyboard */; };
		0430FCB82080A46E000FDA6C /* Assets.xcassets in Resources */ = {isa = PBXBuildFile; fileRef = 0430FCB72080A46E000FDA6C /* Assets.xcassets */; };
		0430FCBB2080A46E000FDA6C /* LaunchScreen.storyboard in Resources */ = {isa = PBXBuildFile; fileRef = 0430FCB92080A46E000FDA6C /* LaunchScreen.storyboard */; };
		0430FCBE2080A46E000FDA6C /* main.m in Sources */ = {isa = PBXBuildFile; fileRef = 0430FCBD2080A46E000FDA6C /* main.m */; };
		045E478220AC1FE800F448AE /* TZcategoryScrollView.m in Sources */ = {isa = PBXBuildFile; fileRef = 045E478120AC1FE800F448AE /* TZcategoryScrollView.m */; };
		045E478520AC20F500F448AE /* UILabel+Extension.m in Sources */ = {isa = PBXBuildFile; fileRef = 045E478420AC20F500F448AE /* UILabel+Extension.m */; };
		045E478820AC214000F448AE /* UIColor+Hex.m in Sources */ = {isa = PBXBuildFile; fileRef = 045E478720AC214000F448AE /* UIColor+Hex.m */; };
		045E478B20AC24E600F448AE /* TZtestViewController.m in Sources */ = {isa = PBXBuildFile; fileRef = 045E478A20AC24E600F448AE /* TZtestViewController.m */; };
		04D1E4E72134F9220055D406 /* TZTabBarViewController.m in Sources */ = {isa = PBXBuildFile; fileRef = 04D1E4E62134F9220055D406 /* TZTabBarViewController.m */; };
		04D1E4EA2134F9690055D406 /* TZNavigationController.m in Sources */ = {isa = PBXBuildFile; fileRef = 04D1E4E92134F9690055D406 /* TZNavigationController.m */; };
		04D1E4EF21351C040055D406 /* TZMainViewController.m in Sources */ = {isa = PBXBuildFile; fileRef = 04D1E4EE21351C040055D406 /* TZMainViewController.m */; };
		04D1E4F221351C160055D406 /* TZMineViewController.m in Sources */ = {isa = PBXBuildFile; fileRef = 04D1E4F121351C160055D406 /* TZMineViewController.m */; };
		04EEB79C20898C830084E1CC /* UIButton+EnlargeEdge.m in Sources */ = {isa = PBXBuildFile; fileRef = 04EEB79B20898C830084E1CC /* UIButton+EnlargeEdge.m */; };
		04EEB7A020898CD10084E1CC /* NSString+Null.m in Sources */ = {isa = PBXBuildFile; fileRef = 04EEB79F20898CD10084E1CC /* NSString+Null.m */; };
		04EEB7A820898D240084E1CC /* Style309View.m in Sources */ = {isa = PBXBuildFile; fileRef = 04EEB7A420898D240084E1CC /* Style309View.m */; };
		04EEB7AA20898D240084E1CC /* Style309TableViewCell.m in Sources */ = {isa = PBXBuildFile; fileRef = 04EEB7A720898D240084E1CC /* Style309TableViewCell.m */; };
		04EEB7AD20898ECB0084E1CC /* UIView+Extension.m in Sources */ = {isa = PBXBuildFile; fileRef = 04EEB7AC20898ECB0084E1CC /* UIView+Extension.m */; };
		7CBF51CF19379CA32295C3DB /* libPods-Rabbit.a in Frameworks */ = {isa = PBXBuildFile; fileRef = 36841FE896CFD0F34659C7F3 /* libPods-Rabbit.a */; };
/* End PBXBuildFile section */

/* Begin PBXFileReference section */
		0430FCAB2080A46A000FDA6C /* Rabbit.app */ = {isa = PBXFileReference; explicitFileType = wrapper.application; includeInIndex = 0; path = Rabbit.app; sourceTree = BUILT_PRODUCTS_DIR; };
		0430FCAE2080A46A000FDA6C /* AppDelegate.h */ = {isa = PBXFileReference; lastKnownFileType = sourcecode.c.h; path = AppDelegate.h; sourceTree = "<group>"; };
		0430FCAF2080A46A000FDA6C /* AppDelegate.m */ = {isa = PBXFileReference; lastKnownFileType = sourcecode.c.objc; path = AppDelegate.m; sourceTree = "<group>"; };
		0430FCB12080A46A000FDA6C /* ViewController.h */ = {isa = PBXFileReference; lastKnownFileType = sourcecode.c.h; path = ViewController.h; sourceTree = "<group>"; };
		0430FCB22080A46A000FDA6C /* ViewController.m */ = {isa = PBXFileReference; lastKnownFileType = sourcecode.c.objc; path = ViewController.m; sourceTree = "<group>"; };
		0430FCB52080A46A000FDA6C /* Base */ = {isa = PBXFileReference; lastKnownFileType = file.storyboard; name = Base; path = Base.lproj/Main.storyboard; sourceTree = "<group>"; };
		0430FCB72080A46E000FDA6C /* Assets.xcassets */ = {isa = PBXFileReference; lastKnownFileType = folder.assetcatalog; path = Assets.xcassets; sourceTree = "<group>"; };
		0430FCBA2080A46E000FDA6C /* Base */ = {isa = PBXFileReference; lastKnownFileType = file.storyboard; name = Base; path = Base.lproj/LaunchScreen.storyboard; sourceTree = "<group>"; };
		0430FCBC2080A46E000FDA6C /* Info.plist */ = {isa = PBXFileReference; lastKnownFileType = text.plist.xml; path = Info.plist; sourceTree = "<group>"; };
		0430FCBD2080A46E000FDA6C /* main.m */ = {isa = PBXFileReference; lastKnownFileType = sourcecode.c.objc; path = main.m; sourceTree = "<group>"; };
		0430FCC42080A48E000FDA6C /* TZCommon.h */ = {isa = PBXFileReference; fileEncoding = 4; lastKnownFileType = sourcecode.c.h; path = TZCommon.h; sourceTree = "<group>"; };
		0430FCC52080A48E000FDA6C /* PrefixHeader.pch */ = {isa = PBXFileReference; fileEncoding = 4; lastKnownFileType = sourcecode.c.h; path = PrefixHeader.pch; sourceTree = "<group>"; };
		045E478020AC1FE800F448AE /* TZcategoryScrollView.h */ = {isa = PBXFileReference; lastKnownFileType = sourcecode.c.h; path = TZcategoryScrollView.h; sourceTree = "<group>"; };
		045E478120AC1FE800F448AE /* TZcategoryScrollView.m */ = {isa = PBXFileReference; lastKnownFileType = sourcecode.c.objc; path = TZcategoryScrollView.m; sourceTree = "<group>"; };
		045E478320AC20F400F448AE /* UILabel+Extension.h */ = {isa = PBXFileReference; fileEncoding = 4; lastKnownFileType = sourcecode.c.h; path = "UILabel+Extension.h"; sourceTree = "<group>"; };
		045E478420AC20F500F448AE /* UILabel+Extension.m */ = {isa = PBXFileReference; fileEncoding = 4; lastKnownFileType = sourcecode.c.objc; path = "UILabel+Extension.m"; sourceTree = "<group>"; };
		045E478620AC213F00F448AE /* UIColor+Hex.h */ = {isa = PBXFileReference; fileEncoding = 4; lastKnownFileType = sourcecode.c.h; path = "UIColor+Hex.h"; sourceTree = "<group>"; };
		045E478720AC214000F448AE /* UIColor+Hex.m */ = {isa = PBXFileReference; fileEncoding = 4; lastKnownFileType = sourcecode.c.objc; path = "UIColor+Hex.m"; sourceTree = "<group>"; };
		045E478920AC24E600F448AE /* TZtestViewController.h */ = {isa = PBXFileReference; lastKnownFileType = sourcecode.c.h; path = TZtestViewController.h; sourceTree = "<group>"; };
		045E478A20AC24E600F448AE /* TZtestViewController.m */ = {isa = PBXFileReference; lastKnownFileType = sourcecode.c.objc; path = TZtestViewController.m; sourceTree = "<group>"; };
		04D1E4E52134F9220055D406 /* TZTabBarViewController.h */ = {isa = PBXFileReference; lastKnownFileType = sourcecode.c.h; path = TZTabBarViewController.h; sourceTree = "<group>"; };
		04D1E4E62134F9220055D406 /* TZTabBarViewController.m */ = {isa = PBXFileReference; lastKnownFileType = sourcecode.c.objc; path = TZTabBarViewController.m; sourceTree = "<group>"; };
		04D1E4E82134F9690055D406 /* TZNavigationController.h */ = {isa = PBXFileReference; lastKnownFileType = sourcecode.c.h; path = TZNavigationController.h; sourceTree = "<group>"; };
		04D1E4E92134F9690055D406 /* TZNavigationController.m */ = {isa = PBXFileReference; lastKnownFileType = sourcecode.c.objc; path = TZNavigationController.m; sourceTree = "<group>"; };
		04D1E4ED21351C040055D406 /* TZMainViewController.h */ = {isa = PBXFileReference; lastKnownFileType = sourcecode.c.h; path = TZMainViewController.h; sourceTree = "<group>"; };
		04D1E4EE21351C040055D406 /* TZMainViewController.m */ = {isa = PBXFileReference; lastKnownFileType = sourcecode.c.objc; path = TZMainViewController.m; sourceTree = "<group>"; };
		04D1E4F021351C160055D406 /* TZMineViewController.h */ = {isa = PBXFileReference; lastKnownFileType = sourcecode.c.h; path = TZMineViewController.h; sourceTree = "<group>"; };
		04D1E4F121351C160055D406 /* TZMineViewController.m */ = {isa = PBXFileReference; lastKnownFileType = sourcecode.c.objc; path = TZMineViewController.m; sourceTree = "<group>"; };
		04EEB79A20898C830084E1CC /* UIButton+EnlargeEdge.h */ = {isa = PBXFileReference; fileEncoding = 4; lastKnownFileType = sourcecode.c.h; path = "UIButton+EnlargeEdge.h"; sourceTree = "<group>"; };
		04EEB79B20898C830084E1CC /* UIButton+EnlargeEdge.m */ = {isa = PBXFileReference; fileEncoding = 4; lastKnownFileType = sourcecode.c.objc; path = "UIButton+EnlargeEdge.m"; sourceTree = "<group>"; };
		04EEB79E20898CD10084E1CC /* NSString+Null.h */ = {isa = PBXFileReference; fileEncoding = 4; lastKnownFileType = sourcecode.c.h; path = "NSString+Null.h"; sourceTree = "<group>"; };
		04EEB79F20898CD10084E1CC /* NSString+Null.m */ = {isa = PBXFileReference; fileEncoding = 4; lastKnownFileType = sourcecode.c.objc; path = "NSString+Null.m"; sourceTree = "<group>"; };
		04EEB7A320898D240084E1CC /* Style309TableViewCell.h */ = {isa = PBXFileReference; fileEncoding = 4; lastKnownFileType = sourcecode.c.h; path = Style309TableViewCell.h; sourceTree = "<group>"; };
		04EEB7A420898D240084E1CC /* Style309View.m */ = {isa = PBXFileReference; fileEncoding = 4; lastKnownFileType = sourcecode.c.objc; path = Style309View.m; sourceTree = "<group>"; };
		04EEB7A620898D240084E1CC /* Style309View.h */ = {isa = PBXFileReference; fileEncoding = 4; lastKnownFileType = sourcecode.c.h; path = Style309View.h; sourceTree = "<group>"; };
		04EEB7A720898D240084E1CC /* Style309TableViewCell.m */ = {isa = PBXFileReference; fileEncoding = 4; lastKnownFileType = sourcecode.c.objc; path = Style309TableViewCell.m; sourceTree = "<group>"; };
		04EEB7AB20898ECB0084E1CC /* UIView+Extension.h */ = {isa = PBXFileReference; fileEncoding = 4; lastKnownFileType = sourcecode.c.h; path = "UIView+Extension.h"; sourceTree = "<group>"; };
		04EEB7AC20898ECB0084E1CC /* UIView+Extension.m */ = {isa = PBXFileReference; fileEncoding = 4; lastKnownFileType = sourcecode.c.objc; path = "UIView+Extension.m"; sourceTree = "<group>"; };
		36841FE896CFD0F34659C7F3 /* libPods-Rabbit.a */ = {isa = PBXFileReference; explicitFileType = archive.ar; includeInIndex = 0; path = "libPods-Rabbit.a"; sourceTree = BUILT_PRODUCTS_DIR; };
		37FDF1B894EF82385F573FDE /* Pods-Rabbit.release.xcconfig */ = {isa = PBXFileReference; includeInIndex = 1; lastKnownFileType = text.xcconfig; name = "Pods-Rabbit.release.xcconfig"; path = "Pods/Target Support Files/Pods-Rabbit/Pods-Rabbit.release.xcconfig"; sourceTree = "<group>"; };
		A097B90D5A9826A82696A7A1 /* Pods-Rabbit.debug.xcconfig */ = {isa = PBXFileReference; includeInIndex = 1; lastKnownFileType = text.xcconfig; name = "Pods-Rabbit.debug.xcconfig"; path = "Pods/Target Support Files/Pods-Rabbit/Pods-Rabbit.debug.xcconfig"; sourceTree = "<group>"; };
/* End PBXFileReference section */

/* Begin PBXFrameworksBuildPhase section */
		0430FCA82080A46A000FDA6C /* Frameworks */ = {
			isa = PBXFrameworksBuildPhase;
			buildActionMask = 2147483647;
			files = (
				7CBF51CF19379CA32295C3DB /* libPods-Rabbit.a in Frameworks */,
			);
			runOnlyForDeploymentPostprocessing = 0;
		};
/* End PBXFrameworksBuildPhase section */

/* Begin PBXGroup section */
		0430FCA22080A46A000FDA6C = {
			isa = PBXGroup;
			children = (
				0430FCAD2080A46A000FDA6C /* Rabbit */,
				0430FCAC2080A46A000FDA6C /* Products */,
				E4446FDB4CD643EF63558F66 /* Pods */,
				FBE5487DB3EAFF5225D49F8B /* Frameworks */,
			);
			sourceTree = "<group>";
		};
		0430FCAC2080A46A000FDA6C /* Products */ = {
			isa = PBXGroup;
			children = (
				0430FCAB2080A46A000FDA6C /* Rabbit.app */,
			);
			name = Products;
			sourceTree = "<group>";
		};
		0430FCAD2080A46A000FDA6C /* Rabbit */ = {
			isa = PBXGroup;
			children = (
				04D1E4F3213533D20055D406 /* base */,
				04D1E4EC21351BD30055D406 /* 首页 */,
				04D1E4EB21351B980055D406 /* 我的 */,
				04EEB79820898C6E0084E1CC /* Tools */,
				0430FCAE2080A46A000FDA6C /* AppDelegate.h */,
				0430FCAF2080A46A000FDA6C /* AppDelegate.m */,
				0430FCB42080A46A000FDA6C /* Main.storyboard */,
				0430FCB72080A46E000FDA6C /* Assets.xcassets */,
				0430FCB92080A46E000FDA6C /* LaunchScreen.storyboard */,
				0430FCC52080A48E000FDA6C /* PrefixHeader.pch */,
				0430FCC42080A48E000FDA6C /* TZCommon.h */,
				0430FCBC2080A46E000FDA6C /* Info.plist */,
				0430FCBD2080A46E000FDA6C /* main.m */,
			);
			path = Rabbit;
			sourceTree = "<group>";
		};
		045E478C20B50BB600F448AE /* 横竖屏分类 */ = {
			isa = PBXGroup;
			children = (
				045E478920AC24E600F448AE /* TZtestViewController.h */,
				045E478A20AC24E600F448AE /* TZtestViewController.m */,
			);
			path = "横竖屏分类";
			sourceTree = "<group>";
		};
		04D1E4EB21351B980055D406 /* 我的 */ = {
			isa = PBXGroup;
			children = (
				04D1E4F021351C160055D406 /* TZMineViewController.h */,
				04D1E4F121351C160055D406 /* TZMineViewController.m */,
			);
			path = "我的";
			sourceTree = "<group>";
		};
		04D1E4EC21351BD30055D406 /* 首页 */ = {
			isa = PBXGroup;
			children = (
				04D1E4ED21351C040055D406 /* TZMainViewController.h */,
				04D1E4EE21351C040055D406 /* TZMainViewController.m */,
			);
			path = "首页";
			sourceTree = "<group>";
		};
		04D1E4F3213533D20055D406 /* base */ = {
			isa = PBXGroup;
			children = (
				0430FCB12080A46A000FDA6C /* ViewController.h */,
				0430FCB22080A46A000FDA6C /* ViewController.m */,
				04D1E4E52134F9220055D406 /* TZTabBarViewController.h */,
				04D1E4E62134F9220055D406 /* TZTabBarViewController.m */,
				04D1E4E82134F9690055D406 /* TZNavigationController.h */,
				04D1E4E92134F9690055D406 /* TZNavigationController.m */,
			);
			path = base;
			sourceTree = "<group>";
		};
		04EEB79820898C6E0084E1CC /* Tools */ = {
			isa = PBXGroup;
			children = (
				04EEB7AB20898ECB0084E1CC /* UIView+Extension.h */,
				04EEB7AC20898ECB0084E1CC /* UIView+Extension.m */,
				045E478320AC20F400F448AE /* UILabel+Extension.h */,
				045E478420AC20F500F448AE /* UILabel+Extension.m */,
				045E478C20B50BB600F448AE /* 横竖屏分类 */,
				045E478620AC213F00F448AE /* UIColor+Hex.h */,
				045E478720AC214000F448AE /* UIColor+Hex.m */,
				045E478020AC1FE800F448AE /* TZcategoryScrollView.h */,
				045E478120AC1FE800F448AE /* TZcategoryScrollView.m */,
				04EEB7A120898D240084E1CC /* 309图文底层 */,
				04EEB79D20898CD10084E1CC /* Nsstring+Null */,
				04EEB79920898C830084E1CC /* 扩大buton的点击范围 */,
			);
			path = Tools;
			sourceTree = "<group>";
		};
		04EEB79920898C830084E1CC /* 扩大buton的点击范围 */ = {
			isa = PBXGroup;
			children = (
				04EEB79A20898C830084E1CC /* UIButton+EnlargeEdge.h */,
				04EEB79B20898C830084E1CC /* UIButton+EnlargeEdge.m */,
			);
			path = "扩大buton的点击范围";
			sourceTree = "<group>";
		};
		04EEB79D20898CD10084E1CC /* Nsstring+Null */ = {
			isa = PBXGroup;
			children = (
				04EEB79E20898CD10084E1CC /* NSString+Null.h */,
				04EEB79F20898CD10084E1CC /* NSString+Null.m */,
			);
			path = "Nsstring+Null";
			sourceTree = "<group>";
		};
		04EEB7A120898D240084E1CC /* 309图文底层 */ = {
			isa = PBXGroup;
			children = (
				04EEB7A320898D240084E1CC /* Style309TableViewCell.h */,
				04EEB7A720898D240084E1CC /* Style309TableViewCell.m */,
				04EEB7A620898D240084E1CC /* Style309View.h */,
				04EEB7A420898D240084E1CC /* Style309View.m */,
			);
			path = "309图文底层";
			sourceTree = "<group>";
		};
		E4446FDB4CD643EF63558F66 /* Pods */ = {
			isa = PBXGroup;
			children = (
				A097B90D5A9826A82696A7A1 /* Pods-Rabbit.debug.xcconfig */,
				37FDF1B894EF82385F573FDE /* Pods-Rabbit.release.xcconfig */,
			);
			name = Pods;
			sourceTree = "<group>";
		};
		FBE5487DB3EAFF5225D49F8B /* Frameworks */ = {
			isa = PBXGroup;
			children = (
				36841FE896CFD0F34659C7F3 /* libPods-Rabbit.a */,
			);
			name = Frameworks;
			sourceTree = "<group>";
		};
/* End PBXGroup section */

/* Begin PBXNativeTarget section */
		0430FCAA2080A46A000FDA6C /* Rabbit */ = {
			isa = PBXNativeTarget;
			buildConfigurationList = 0430FCC12080A46E000FDA6C /* Build configuration list for PBXNativeTarget "Rabbit" */;
			buildPhases = (
				C6DDB51E843D69C2FF8DB8C8 /* [CP] Check Pods Manifest.lock */,
				0430FCA72080A46A000FDA6C /* Sources */,
				0430FCA82080A46A000FDA6C /* Frameworks */,
				0430FCA92080A46A000FDA6C /* Resources */,
				7D81BF8BAB3B55F99AA8C989 /* [CP] Copy Pods Resources */,
			);
			buildRules = (
			);
			dependencies = (
			);
			name = Rabbit;
			productName = Rabbit;
			productReference = 0430FCAB2080A46A000FDA6C /* Rabbit.app */;
			productType = "com.apple.product-type.application";
		};
/* End PBXNativeTarget section */

/* Begin PBXProject section */
		0430FCA32080A46A000FDA6C /* Project object */ = {
			isa = PBXProject;
			attributes = {
				LastUpgradeCheck = 0930;
				ORGANIZATIONNAME = Rabbit;
				TargetAttributes = {
					0430FCAA2080A46A000FDA6C = {
						CreatedOnToolsVersion = 9.3;
					};
				};
			};
			buildConfigurationList = 0430FCA62080A46A000FDA6C /* Build configuration list for PBXProject "Rabbit" */;
			compatibilityVersion = "Xcode 9.3";
			developmentRegion = en;
			hasScannedForEncodings = 0;
			knownRegions = (
				en,
				Base,
			);
			mainGroup = 0430FCA22080A46A000FDA6C;
			productRefGroup = 0430FCAC2080A46A000FDA6C /* Products */;
			projectDirPath = "";
			projectRoot = "";
			targets = (
				0430FCAA2080A46A000FDA6C /* Rabbit */,
			);
		};
/* End PBXProject section */

/* Begin PBXResourcesBuildPhase section */
		0430FCA92080A46A000FDA6C /* Resources */ = {
			isa = PBXResourcesBuildPhase;
			buildActionMask = 2147483647;
			files = (
				0430FCBB2080A46E000FDA6C /* LaunchScreen.storyboard in Resources */,
				0430FCB82080A46E000FDA6C /* Assets.xcassets in Resources */,
				0430FCB62080A46A000FDA6C /* Main.storyboard in Resources */,
			);
			runOnlyForDeploymentPostprocessing = 0;
		};
/* End PBXResourcesBuildPhase section */

/* Begin PBXShellScriptBuildPhase section */
		7D81BF8BAB3B55F99AA8C989 /* [CP] Copy Pods Resources */ = {
			isa = PBXShellScriptBuildPhase;
			buildActionMask = 2147483647;
			files = (
			);
			inputPaths = (
				"${SRCROOT}/Pods/Target Support Files/Pods-Rabbit/Pods-Rabbit-resources.sh",
				"${PODS_ROOT}/IQKeyboardManager/IQKeyboardManager/Resources/IQKeyboardManager.bundle",
				"${PODS_ROOT}/MJRefresh/MJRefresh/MJRefresh.bundle",
			);
			name = "[CP] Copy Pods Resources";
			outputPaths = (
				"${TARGET_BUILD_DIR}/${UNLOCALIZED_RESOURCES_FOLDER_PATH}/IQKeyboardManager.bundle",
				"${TARGET_BUILD_DIR}/${UNLOCALIZED_RESOURCES_FOLDER_PATH}/MJRefresh.bundle",
			);
			runOnlyForDeploymentPostprocessing = 0;
			shellPath = /bin/sh;
			shellScript = "\"${SRCROOT}/Pods/Target Support Files/Pods-Rabbit/Pods-Rabbit-resources.sh\"\n";
			showEnvVarsInLog = 0;
		};
		C6DDB51E843D69C2FF8DB8C8 /* [CP] Check Pods Manifest.lock */ = {
			isa = PBXShellScriptBuildPhase;
			buildActionMask = 2147483647;
			files = (
			);
			inputPaths = (
				"${PODS_PODFILE_DIR_PATH}/Podfile.lock",
				"${PODS_ROOT}/Manifest.lock",
			);
			name = "[CP] Check Pods Manifest.lock";
			outputPaths = (
				"$(DERIVED_FILE_DIR)/Pods-Rabbit-checkManifestLockResult.txt",
			);
			runOnlyForDeploymentPostprocessing = 0;
			shellPath = /bin/sh;
			shellScript = "diff \"${PODS_PODFILE_DIR_PATH}/Podfile.lock\" \"${PODS_ROOT}/Manifest.lock\" > /dev/null\nif [ $? != 0 ] ; then\n    # print error to STDERR\n    echo \"error: The sandbox is not in sync with the Podfile.lock. Run 'pod install' or update your CocoaPods installation.\" >&2\n    exit 1\nfi\n# This output is used by Xcode 'outputs' to avoid re-running this script phase.\necho \"SUCCESS\" > \"${SCRIPT_OUTPUT_FILE_0}\"\n";
			showEnvVarsInLog = 0;
		};
/* End PBXShellScriptBuildPhase section */

/* Begin PBXSourcesBuildPhase section */
		0430FCA72080A46A000FDA6C /* Sources */ = {
			isa = PBXSourcesBuildPhase;
			buildActionMask = 2147483647;
			files = (
				04EEB7AD20898ECB0084E1CC /* UIView+Extension.m in Sources */,
				0430FCB32080A46A000FDA6C /* ViewController.m in Sources */,
				04EEB7A020898CD10084E1CC /* NSString+Null.m in Sources */,
				04EEB7AA20898D240084E1CC /* Style309TableViewCell.m in Sources */,
				04EEB79C20898C830084E1CC /* UIButton+EnlargeEdge.m in Sources */,
				04D1E4EA2134F9690055D406 /* TZNavigationController.m in Sources */,
				045E478220AC1FE800F448AE /* TZcategoryScrollView.m in Sources */,
				04D1E4F221351C160055D406 /* TZMineViewController.m in Sources */,
				0430FCBE2080A46E000FDA6C /* main.m in Sources */,
				0430FCB02080A46A000FDA6C /* AppDelegate.m in Sources */,
				045E478820AC214000F448AE /* UIColor+Hex.m in Sources */,
				045E478520AC20F500F448AE /* UILabel+Extension.m in Sources */,
				04D1E4EF21351C040055D406 /* TZMainViewController.m in Sources */,
				04D1E4E72134F9220055D406 /* TZTabBarViewController.m in Sources */,
				045E478B20AC24E600F448AE /* TZtestViewController.m in Sources */,
				04EEB7A820898D240084E1CC /* Style309View.m in Sources */,
			);
			runOnlyForDeploymentPostprocessing = 0;
		};
/* End PBXSourcesBuildPhase section */

/* Begin PBXVariantGroup section */
		0430FCB42080A46A000FDA6C /* Main.storyboard */ = {
			isa = PBXVariantGroup;
			children = (
				0430FCB52080A46A000FDA6C /* Base */,
			);
			name = Main.storyboard;
			sourceTree = "<group>";
		};
		0430FCB92080A46E000FDA6C /* LaunchScreen.storyboard */ = {
			isa = PBXVariantGroup;
			children = (
				0430FCBA2080A46E000FDA6C /* Base */,
			);
			name = LaunchScreen.storyboard;
			sourceTree = "<group>";
		};
/* End PBXVariantGroup section */

/* Begin XCBuildConfiguration section */
		0430FCBF2080A46E000FDA6C /* Debug */ = {
			isa = XCBuildConfiguration;
			baseConfigurationReference = A097B90D5A9826A82696A7A1 /* Pods-Rabbit.debug.xcconfig */;
			buildSettings = {
				ALWAYS_SEARCH_USER_PATHS = NO;
				CLANG_ANALYZER_NONNULL = YES;
				CLANG_ANALYZER_NUMBER_OBJECT_CONVERSION = YES_AGGRESSIVE;
				CLANG_CXX_LANGUAGE_STANDARD = "gnu++14";
				CLANG_CXX_LIBRARY = "libc++";
				CLANG_ENABLE_MODULES = YES;
				CLANG_ENABLE_OBJC_ARC = YES;
				CLANG_ENABLE_OBJC_WEAK = YES;
				CLANG_WARN_BLOCK_CAPTURE_AUTORELEASING = YES;
				CLANG_WARN_BOOL_CONVERSION = YES;
				CLANG_WARN_COMMA = YES;
				CLANG_WARN_CONSTANT_CONVERSION = YES;
				CLANG_WARN_DEPRECATED_OBJC_IMPLEMENTATIONS = YES;
				CLANG_WARN_DIRECT_OBJC_ISA_USAGE = YES_ERROR;
				CLANG_WARN_DOCUMENTATION_COMMENTS = YES;
				CLANG_WARN_EMPTY_BODY = YES;
				CLANG_WARN_ENUM_CONVERSION = YES;
				CLANG_WARN_INFINITE_RECURSION = YES;
				CLANG_WARN_INT_CONVERSION = YES;
				CLANG_WARN_NON_LITERAL_NULL_CONVERSION = YES;
				CLANG_WARN_OBJC_IMPLICIT_RETAIN_SELF = YES;
				CLANG_WARN_OBJC_LITERAL_CONVERSION = YES;
				CLANG_WARN_OBJC_ROOT_CLASS = YES_ERROR;
				CLANG_WARN_RANGE_LOOP_ANALYSIS = YES;
				CLANG_WARN_STRICT_PROTOTYPES = YES;
				CLANG_WARN_SUSPICIOUS_MOVE = YES;
				CLANG_WARN_UNGUARDED_AVAILABILITY = YES_AGGRESSIVE;
				CLANG_WARN_UNREACHABLE_CODE = YES;
				CLANG_WARN__DUPLICATE_METHOD_MATCH = YES;
				CODE_SIGN_IDENTITY = "iPhone Developer";
				COPY_PHASE_STRIP = NO;
				DEBUG_INFORMATION_FORMAT = dwarf;
				ENABLE_STRICT_OBJC_MSGSEND = YES;
				ENABLE_TESTABILITY = YES;
				GCC_C_LANGUAGE_STANDARD = gnu11;
				GCC_DYNAMIC_NO_PIC = NO;
				GCC_NO_COMMON_BLOCKS = YES;
				GCC_OPTIMIZATION_LEVEL = 0;
				GCC_PREPROCESSOR_DEFINITIONS = (
					"DEBUG=1",
					"$(inherited)",
				);
				GCC_WARN_64_TO_32_BIT_CONVERSION = YES;
				GCC_WARN_ABOUT_RETURN_TYPE = YES_ERROR;
				GCC_WARN_UNDECLARED_SELECTOR = YES;
				GCC_WARN_UNINITIALIZED_AUTOS = YES_AGGRESSIVE;
				GCC_WARN_UNUSED_FUNCTION = YES;
				GCC_WARN_UNUSED_VARIABLE = YES;
				IPHONEOS_DEPLOYMENT_TARGET = 11.3;
				MTL_ENABLE_DEBUG_INFO = YES;
				ONLY_ACTIVE_ARCH = YES;
				SDKROOT = iphoneos;
			};
			name = Debug;
		};
		0430FCC02080A46E000FDA6C /* Release */ = {
			isa = XCBuildConfiguration;
			baseConfigurationReference = 37FDF1B894EF82385F573FDE /* Pods-Rabbit.release.xcconfig */;
			buildSettings = {
				ALWAYS_SEARCH_USER_PATHS = NO;
				CLANG_ANALYZER_NONNULL = YES;
				CLANG_ANALYZER_NUMBER_OBJECT_CONVERSION = YES_AGGRESSIVE;
				CLANG_CXX_LANGUAGE_STANDARD = "gnu++14";
				CLANG_CXX_LIBRARY = "libc++";
				CLANG_ENABLE_MODULES = YES;
				CLANG_ENABLE_OBJC_ARC = YES;
				CLANG_ENABLE_OBJC_WEAK = YES;
				CLANG_WARN_BLOCK_CAPTURE_AUTORELEASING = YES;
				CLANG_WARN_BOOL_CONVERSION = YES;
				CLANG_WARN_COMMA = YES;
				CLANG_WARN_CONSTANT_CONVERSION = YES;
				CLANG_WARN_DEPRECATED_OBJC_IMPLEMENTATIONS = YES;
				CLANG_WARN_DIRECT_OBJC_ISA_USAGE = YES_ERROR;
				CLANG_WARN_DOCUMENTATION_COMMENTS = YES;
				CLANG_WARN_EMPTY_BODY = YES;
				CLANG_WARN_ENUM_CONVERSION = YES;
				CLANG_WARN_INFINITE_RECURSION = YES;
				CLANG_WARN_INT_CONVERSION = YES;
				CLANG_WARN_NON_LITERAL_NULL_CONVERSION = YES;
				CLANG_WARN_OBJC_IMPLICIT_RETAIN_SELF = YES;
				CLANG_WARN_OBJC_LITERAL_CONVERSION = YES;
				CLANG_WARN_OBJC_ROOT_CLASS = YES_ERROR;
				CLANG_WARN_RANGE_LOOP_ANALYSIS = YES;
				CLANG_WARN_STRICT_PROTOTYPES = YES;
				CLANG_WARN_SUSPICIOUS_MOVE = YES;
				CLANG_WARN_UNGUARDED_AVAILABILITY = YES_AGGRESSIVE;
				CLANG_WARN_UNREACHABLE_CODE = YES;
				CLANG_WARN__DUPLICATE_METHOD_MATCH = YES;
				CODE_SIGN_IDENTITY = "iPhone Developer";
				COPY_PHASE_STRIP = NO;
				DEBUG_INFORMATION_FORMAT = "dwarf-with-dsym";
				ENABLE_NS_ASSERTIONS = NO;
				ENABLE_STRICT_OBJC_MSGSEND = YES;
				GCC_C_LANGUAGE_STANDARD = gnu11;
				GCC_NO_COMMON_BLOCKS = YES;
				GCC_WARN_64_TO_32_BIT_CONVERSION = YES;
				GCC_WARN_ABOUT_RETURN_TYPE = YES_ERROR;
				GCC_WARN_UNDECLARED_SELECTOR = YES;
				GCC_WARN_UNINITIALIZED_AUTOS = YES_AGGRESSIVE;
				GCC_WARN_UNUSED_FUNCTION = YES;
				GCC_WARN_UNUSED_VARIABLE = YES;
				IPHONEOS_DEPLOYMENT_TARGET = 11.3;
				MTL_ENABLE_DEBUG_INFO = NO;
				SDKROOT = iphoneos;
				VALIDATE_PRODUCT = YES;
			};
			name = Release;
		};
		0430FCC22080A46E000FDA6C /* Debug */ = {
			isa = XCBuildConfiguration;
			baseConfigurationReference = A097B90D5A9826A82696A7A1 /* Pods-Rabbit.debug.xcconfig */;
			buildSettings = {
				ASSETCATALOG_COMPILER_APPICON_NAME = AppIcon;
				CODE_SIGN_STYLE = Automatic;
				DEVELOPMENT_TEAM = UL58WUNGZJ;
				GCC_INCREASE_PRECOMPILED_HEADER_SHARING = YES;
				GCC_PREFIX_HEADER = "$(SRCROOT)/Rabbit/PrefixHeader.pch";
				INFOPLIST_FILE = Rabbit/Info.plist;
				IPHONEOS_DEPLOYMENT_TARGET = 9.0;
				LD_RUNPATH_SEARCH_PATHS = (
					"$(inherited)",
					"@executable_path/Frameworks",
				);
				PRODUCT_BUNDLE_IDENTIFIER = liu.Rabbit;
				PRODUCT_NAME = "$(TARGET_NAME)";
				TARGETED_DEVICE_FAMILY = "1,2";
			};
			name = Debug;
		};
		0430FCC32080A46E000FDA6C /* Release */ = {
			isa = XCBuildConfiguration;
			baseConfigurationReference = 37FDF1B894EF82385F573FDE /* Pods-Rabbit.release.xcconfig */;
			buildSettings = {
				ASSETCATALOG_COMPILER_APPICON_NAME = AppIcon;
				CODE_SIGN_STYLE = Automatic;
				DEVELOPMENT_TEAM = UL58WUNGZJ;
				GCC_INCREASE_PRECOMPILED_HEADER_SHARING = YES;
				GCC_PREFIX_HEADER = "$(SRCROOT)/Rabbit/PrefixHeader.pch";
				INFOPLIST_FILE = Rabbit/Info.plist;
				IPHONEOS_DEPLOYMENT_TARGET = 9.0;
				LD_RUNPATH_SEARCH_PATHS = (
					"$(inherited)",
					"@executable_path/Frameworks",
				);
				PRODUCT_BUNDLE_IDENTIFIER = liu.Rabbit;
				PRODUCT_NAME = "$(TARGET_NAME)";
				TARGETED_DEVICE_FAMILY = "1,2";
			};
			name = Release;
		};
/* End XCBuildConfiguration section */

/* Begin XCConfigurationList section */
		0430FCA62080A46A000FDA6C /* Build configuration list for PBXProject "Rabbit" */ = {
			isa = XCConfigurationList;
			buildConfigurations = (
				0430FCBF2080A46E000FDA6C /* Debug */,
				0430FCC02080A46E000FDA6C /* Release */,
			);
			defaultConfigurationIsVisible = 0;
			defaultConfigurationName = Release;
		};
		0430FCC12080A46E000FDA6C /* Build configuration list for PBXNativeTarget "Rabbit" */ = {
			isa = XCConfigurationList;
			buildConfigurations = (
				0430FCC22080A46E000FDA6C /* Debug */,
				0430FCC32080A46E000FDA6C /* Release */,
			);
			defaultConfigurationIsVisible = 0;
			defaultConfigurationName = Release;
		};
/* End XCConfigurationList section */
	};
	rootObject = 0430FCA32080A46A000FDA6C /* Project object */;
}
