// !$*UTF8*$!
{
	archiveVersion = 1;
	classes = {
	};
	objectVersion = 50;
	objects = {

/* Begin PBXBuildFile section */
		0430FCB02080A46A000FDA6C /* AppDelegate.m in Sources */ = {isa = PBXBuildFile; fileRef = 0430FCAF2080A46A000FDA6C /* AppDelegate.m */; };
		0430FCB32080A46A000FDA6C /* ViewController.m in Sources */ = {isa = PBXBuildFile; fileRef = 0430FCB22080A46A000FDA6C /* ViewController.m */; };
		0430FCB62080A46A000FDA6C /* Main.storyboard in Resources */ = {isa = PBXBuildFile; fileRef = 0430FCB42080A46A000FDA6C /* Main.storyboard */; };
		0430FCB82080A46E000FDA6C /* Assets.xcassets in Resources */ = {isa = PBXBuildFile; fileRef = 0430FCB72080A46E000FDA6C /* Assets.xcassets */; };
		0430FCBB2080A46E000FDA6C /* LaunchScreen.storyboard in Resources */ = {isa = PBXBuildFile; fileRef = 0430FCB92080A46E000FDA6C /* LaunchScreen.storyboard */; };
		0430FCBE2080A46E000FDA6C /* main.m in Sources */ = {isa = PBXBuildFile; fileRef = 0430FCBD2080A46E000FDA6C /* main.m */; };
/* End PBXBuildFile section */

/* Begin PBXFileReference section */
		0430FCAB2080A46A000FDA6C /* Rabbit.app */ = {isa = PBXFileReference; explicitFileType = wrapper.application; includeInIndex = 0; path = Rabbit.app; sourceTree = BUILT_PRODUCTS_DIR; };
		0430FCAE2080A46A000FDA6C /* AppDelegate.h */ = {isa = PBXFileReference; lastKnownFileType = sourcecode.c.h; path = AppDelegate.h; sourceTree = "<group>"; };
		0430FCAF2080A46A000FDA6C /* AppDelegate.m */ = {isa = PBXFileReference; lastKnownFileType = sourcecode.c.objc; path = AppDelegate.m; sourceTree = "<group>"; };
		0430FCB12080A46A000FDA6C /* ViewController.h */ = {isa = PBXFileReference; lastKnownFileType = sourcecode.c.h; path = ViewController.h; sourceTree = "<group>"; };
		0430FCB22080A46A000FDA6C /* ViewController.m */ = {isa = PBXFileReference; lastKnownFileType = sourcecode.c.objc; path = ViewController.m; sourceTree = "<group>"; };
		0430FCB52080A46A000FDA6C /* Base */ = {isa = PBXFileReference; lastKnownFileType = file.storyboard; name = Base; path = Base.lproj/Main.storyboard; sourceTree = "<group>"; };
		0430FCB72080A46E000FDA6C /* Assets.xcassets */ = {isa = PBXFileReference; lastKnownFileType = folder.assetcatalog; path = Assets.xcassets; sourceTree = "<group>"; };
		0430FCBA2080A46E000FDA6C /* Base */ = {isa = PBXFileReference; lastKnownFileType = file.storyboard; name = Base; path = Base.lproj/LaunchScreen.storyboard; sourceTree = "<group>"; };
		0430FCBC2080A46E000FDA6C /* Info.plist */ = {isa = PBXFileReference; lastKnownFileType = text.plist.xml; path = Info.plist; sourceTree = "<group>"; };
		0430FCBD2080A46E000FDA6C /* main.m */ = {isa = PBXFileReference; lastKnownFileType = sourcecode.c.objc; path = main.m; sourceTree = "<group>"; };
		0430FCC42080A48E000FDA6C /* TZCommon.h */ = {isa = PBXFileReference; fileEncoding = 4; lastKnownFileType = sourcecode.c.h; path = TZCommon.h; sourceTree = "<group>"; };
		0430FCC52080A48E000FDA6C /* PrefixHeader.pch */ = {isa = PBXFileReference; fileEncoding = 4; lastKnownFileType = sourcecode.c.h; path = PrefixHeader.pch; sourceTree = "<group>"; };
/* End PBXFileReference section */

/* Begin PBXFrameworksBuildPhase section */
		0430FCA82080A46A000FDA6C /* Frameworks */ = {
			isa = PBXFrameworksBuildPhase;
			buildActionMask = 2147483647;
			files = (
			);
			runOnlyForDeploymentPostprocessing = 0;
		};
/* End PBXFrameworksBuildPhase section */

/* Begin PBXGroup section */
		0430FCA22080A46A000FDA6C = {
			isa = PBXGroup;
			children = (
				0430FCAD2080A46A000FDA6C /* Rabbit */,
				0430FCAC2080A46A000FDA6C /* Products */,
			);
			sourceTree = "<group>";
		};
		0430FCAC2080A46A000FDA6C /* Products */ = {
			isa = PBXGroup;
			children = (
				0430FCAB2080A46A000FDA6C /* Rabbit.app */,
			);
			name = Products;
			sourceTree = "<group>";
		};
		0430FCAD2080A46A000FDA6C /* Rabbit */ = {
			isa = PBXGroup;
			children = (
				0430FCAE2080A46A000FDA6C /* AppDelegate.h */,
				0430FCAF2080A46A000FDA6C /* AppDelegate.m */,
				0430FCB12080A46A000FDA6C /* ViewController.h */,
				0430FCB22080A46A000FDA6C /* ViewController.m */,
				0430FCB42080A46A000FDA6C /* Main.storyboard */,
				0430FCB72080A46E000FDA6C /* Assets.xcassets */,
				0430FCB92080A46E000FDA6C /* LaunchScreen.storyboard */,
				0430FCC52080A48E000FDA6C /* PrefixHeader.pch */,
				0430FCC42080A48E000FDA6C /* TZCommon.h */,
				0430FCBC2080A46E000FDA6C /* Info.plist */,
				0430FCBD2080A46E000FDA6C /* main.m */,
			);
			path = Rabbit;
			sourceTree = "<group>";
		};
/* End PBXGroup section */

/* Begin PBXNativeTarget section */
		0430FCAA2080A46A000FDA6C /* Rabbit */ = {
			isa = PBXNativeTarget;
			buildConfigurationList = 0430FCC12080A46E000FDA6C /* Build configuration list for PBXNativeTarget "Rabbit" */;
			buildPhases = (
				0430FCA72080A46A000FDA6C /* Sources */,
				0430FCA82080A46A000FDA6C /* Frameworks */,
				0430FCA92080A46A000FDA6C /* Resources */,
			);
			buildRules = (
			);
			dependencies = (
			);
			name = Rabbit;
			productName = Rabbit;
			productReference = 0430FCAB2080A46A000FDA6C /* Rabbit.app */;
			productType = "com.apple.product-type.application";
		};
/* End PBXNativeTarget section */

/* Begin PBXProject section */
		0430FCA32080A46A000FDA6C /* Project object */ = {
			isa = PBXProject;
			attributes = {
				LastUpgradeCheck = 0930;
				ORGANIZATIONNAME = Rabbit;
				TargetAttributes = {
					0430FCAA2080A46A000FDA6C = {
						CreatedOnToolsVersion = 9.3;
					};
				};
			};
			buildConfigurationList = 0430FCA62080A46A000FDA6C /* Build configuration list for PBXProject "Rabbit" */;
			compatibilityVersion = "Xcode 9.3";
			developmentRegion = en;
			hasScannedForEncodings = 0;
			knownRegions = (
				en,
				Base,
			);
			mainGroup = 0430FCA22080A46A000FDA6C;
			productRefGroup = 0430FCAC2080A46A000FDA6C /* Products */;
			projectDirPath = "";
			projectRoot = "";
			targets = (
				0430FCAA2080A46A000FDA6C /* Rabbit */,
			);
		};
/* End PBXProject section */

/* Begin PBXResourcesBuildPhase section */
		0430FCA92080A46A000FDA6C /* Resources */ = {
			isa = PBXResourcesBuildPhase;
			buildActionMask = 2147483647;
			files = (
				0430FCBB2080A46E000FDA6C /* LaunchScreen.storyboard in Resources */,
				0430FCB82080A46E000FDA6C /* Assets.xcassets in Resources */,
				0430FCB62080A46A000FDA6C /* Main.storyboard in Resources */,
			);
			runOnlyForDeploymentPostprocessing = 0;
		};
/* End PBXResourcesBuildPhase section */

/* Begin PBXSourcesBuildPhase section */
		0430FCA72080A46A000FDA6C /* Sources */ = {
			isa = PBXSourcesBuildPhase;
			buildActionMask = 2147483647;
			files = (
				0430FCB32080A46A000FDA6C /* ViewController.m in Sources */,
				0430FCBE2080A46E000FDA6C /* main.m in Sources */,
				0430FCB02080A46A000FDA6C /* AppDelegate.m in Sources */,
			);
			runOnlyForDeploymentPostprocessing = 0;
		};
/* End PBXSourcesBuildPhase section */

/* Begin PBXVariantGroup section */
		0430FCB42080A46A000FDA6C /* Main.storyboard */ = {
			isa = PBXVariantGroup;
			children = (
				0430FCB52080A46A000FDA6C /* Base */,
			);
			name = Main.storyboard;
			sourceTree = "<group>";
		};
		0430FCB92080A46E000FDA6C /* LaunchScreen.storyboard */ = {
			isa = PBXVariantGroup;
			children = (
				0430FCBA2080A46E000FDA6C /* Base */,
			);
			name = LaunchScreen.storyboard;
			sourceTree = "<group>";
		};
/* End PBXVariantGroup section */

/* Begin XCBuildConfiguration section */
		0430FCBF2080A46E000FDA6C /* Debug */ = {
			isa = XCBuildConfiguration;
			buildSettings = {
				ALWAYS_SEARCH_USER_PATHS = NO;
				CLANG_ANALYZER_NONNULL = YES;
				CLANG_ANALYZER_NUMBER_OBJECT_CONVERSION = YES_AGGRESSIVE;
				CLANG_CXX_LANGUAGE_STANDARD = "gnu++14";
				CLANG_CXX_LIBRARY = "libc++";
				CLANG_ENABLE_MODULES = YES;
				CLANG_ENABLE_OBJC_ARC = YES;
				CLANG_ENABLE_OBJC_WEAK = YES;
				CLANG_WARN_BLOCK_CAPTURE_AUTORELEASING = YES;
				CLANG_WARN_BOOL_CONVERSION = YES;
				CLANG_WARN_COMMA = YES;
				CLANG_WARN_CONSTANT_CONVERSION = YES;
				CLANG_WARN_DEPRECATED_OBJC_IMPLEMENTATIONS = YES;
				CLANG_WARN_DIRECT_OBJC_ISA_USAGE = YES_ERROR;
				CLANG_WARN_DOCUMENTATION_COMMENTS = YES;
				CLANG_WARN_EMPTY_BODY = YES;
				CLANG_WARN_ENUM_CONVERSION = YES;
				CLANG_WARN_INFINITE_RECURSION = YES;
				CLANG_WARN_INT_CONVERSION = YES;
				CLANG_WARN_NON_LITERAL_NULL_CONVERSION = YES;
				CLANG_WARN_OBJC_IMPLICIT_RETAIN_SELF = YES;
				CLANG_WARN_OBJC_LITERAL_CONVERSION = YES;
				CLANG_WARN_OBJC_ROOT_CLASS = YES_ERROR;
				CLANG_WARN_RANGE_LOOP_ANALYSIS = YES;
				CLANG_WARN_STRICT_PROTOTYPES = YES;
				CLANG_WARN_SUSPICIOUS_MOVE = YES;
				CLANG_WARN_UNGUARDED_AVAILABILITY = YES_AGGRESSIVE;
				CLANG_WARN_UNREACHABLE_CODE = YES;
				CLANG_WARN__DUPLICATE_METHOD_MATCH = YES;
				CODE_SIGN_IDENTITY = "iPhone Developer";
				COPY_PHASE_STRIP = NO;
				DEBUG_INFORMATION_FORMAT = dwarf;
				ENABLE_STRICT_OBJC_MSGSEND = YES;
				ENABLE_TESTABILITY = YES;
				GCC_C_LANGUAGE_STANDARD = gnu11;
				GCC_DYNAMIC_NO_PIC = NO;
				GCC_NO_COMMON_BLOCKS = YES;
				GCC_OPTIMIZATION_LEVEL = 0;
				GCC_PREPROCESSOR_DEFINITIONS = (
					"DEBUG=1",
					"$(inherited)",
				);
				GCC_WARN_64_TO_32_BIT_CONVERSION = YES;
				GCC_WARN_ABOUT_RETURN_TYPE = YES_ERROR;
				GCC_WARN_UNDECLARED_SELECTOR = YES;
				GCC_WARN_UNINITIALIZED_AUTOS = YES_AGGRESSIVE;
				GCC_WARN_UNUSED_FUNCTION = YES;
				GCC_WARN_UNUSED_VARIABLE = YES;
				IPHONEOS_DEPLOYMENT_TARGET = 11.3;
				MTL_ENABLE_DEBUG_INFO = YES;
				ONLY_ACTIVE_ARCH = YES;
				SDKROOT = iphoneos;
			};
			name = Debug;
		};
		0430FCC02080A46E000FDA6C /* Release */ = {
			isa = XCBuildConfiguration;
			buildSettings = {
				ALWAYS_SEARCH_USER_PATHS = NO;
				CLANG_ANALYZER_NONNULL = YES;
				CLANG_ANALYZER_NUMBER_OBJECT_CONVERSION = YES_AGGRESSIVE;
				CLANG_CXX_LANGUAGE_STANDARD = "gnu++14";
				CLANG_CXX_LIBRARY = "libc++";
				CLANG_ENABLE_MODULES = YES;
				CLANG_ENABLE_OBJC_ARC = YES;
				CLANG_ENABLE_OBJC_WEAK = YES;
				CLANG_WARN_BLOCK_CAPTURE_AUTORELEASING = YES;
				CLANG_WARN_BOOL_CONVERSION = YES;
				CLANG_WARN_COMMA = YES;
				CLANG_WARN_CONSTANT_CONVERSION = YES;
				CLANG_WARN_DEPRECATED_OBJC_IMPLEMENTATIONS = YES;
				CLANG_WARN_DIRECT_OBJC_ISA_USAGE = YES_ERROR;
				CLANG_WARN_DOCUMENTATION_COMMENTS = YES;
				CLANG_WARN_EMPTY_BODY = YES;
				CLANG_WARN_ENUM_CONVERSION = YES;
				CLANG_WARN_INFINITE_RECURSION = YES;
				CLANG_WARN_INT_CONVERSION = YES;
				CLANG_WARN_NON_LITERAL_NULL_CONVERSION = YES;
				CLANG_WARN_OBJC_IMPLICIT_RETAIN_SELF = YES;
				CLANG_WARN_OBJC_LITERAL_CONVERSION = YES;
				CLANG_WARN_OBJC_ROOT_CLASS = YES_ERROR;
				CLANG_WARN_RANGE_LOOP_ANALYSIS = YES;
				CLANG_WARN_STRICT_PROTOTYPES = YES;
				CLANG_WARN_SUSPICIOUS_MOVE = YES;
				CLANG_WARN_UNGUARDED_AVAILABILITY = YES_AGGRESSIVE;
				CLANG_WARN_UNREACHABLE_CODE = YES;
				CLANG_WARN__DUPLICATE_METHOD_MATCH = YES;
				CODE_SIGN_IDENTITY = "iPhone Developer";
				COPY_PHASE_STRIP = NO;
				DEBUG_INFORMATION_FORMAT = "dwarf-with-dsym";
				ENABLE_NS_ASSERTIONS = NO;
				ENABLE_STRICT_OBJC_MSGSEND = YES;
				GCC_C_LANGUAGE_STANDARD = gnu11;
				GCC_NO_COMMON_BLOCKS = YES;
				GCC_WARN_64_TO_32_BIT_CONVERSION = YES;
				GCC_WARN_ABOUT_RETURN_TYPE = YES_ERROR;
				GCC_WARN_UNDECLARED_SELECTOR = YES;
				GCC_WARN_UNINITIALIZED_AUTOS = YES_AGGRESSIVE;
				GCC_WARN_UNUSED_FUNCTION = YES;
				GCC_WARN_UNUSED_VARIABLE = YES;
				IPHONEOS_DEPLOYMENT_TARGET = 11.3;
				MTL_ENABLE_DEBUG_INFO = NO;
				SDKROOT = iphoneos;
				VALIDATE_PRODUCT = YES;
			};
			name = Release;
		};
		0430FCC22080A46E000FDA6C /* Debug */ = {
			isa = XCBuildConfiguration;
			buildSettings = {
				ASSETCATALOG_COMPILER_APPICON_NAME = AppIcon;
				CODE_SIGN_STYLE = Automatic;
				DEVELOPMENT_TEAM = UL58WUNGZJ;
				GCC_INCREASE_PRECOMPILED_HEADER_SHARING = YES;
				GCC_PREFIX_HEADER = "$(SRCROOT)/Rabbit/PrefixHeader.pch";
				INFOPLIST_FILE = Rabbit/Info.plist;
				IPHONEOS_DEPLOYMENT_TARGET = 9.0;
				LD_RUNPATH_SEARCH_PATHS = (
					"$(inherited)",
					"@executable_path/Frameworks",
				);
				PRODUCT_BUNDLE_IDENTIFIER = liu.Rabbit;
				PRODUCT_NAME = "$(TARGET_NAME)";
				TARGETED_DEVICE_FAMILY = "1,2";
			};
			name = Debug;
		};
		0430FCC32080A46E000FDA6C /* Release */ = {
			isa = XCBuildConfiguration;
			buildSettings = {
				ASSETCATALOG_COMPILER_APPICON_NAME = AppIcon;
				CODE_SIGN_STYLE = Automatic;
				DEVELOPMENT_TEAM = UL58WUNGZJ;
				GCC_INCREASE_PRECOMPILED_HEADER_SHARING = YES;
				GCC_PREFIX_HEADER = "$(SRCROOT)/Rabbit/PrefixHeader.pch";
				INFOPLIST_FILE = Rabbit/Info.plist;
				IPHONEOS_DEPLOYMENT_TARGET = 9.0;
				LD_RUNPATH_SEARCH_PATHS = (
					"$(inherited)",
					"@executable_path/Frameworks",
				);
				PRODUCT_BUNDLE_IDENTIFIER = liu.Rabbit;
				PRODUCT_NAME = "$(TARGET_NAME)";
				TARGETED_DEVICE_FAMILY = "1,2";
			};
			name = Release;
		};
/* End XCBuildConfiguration section */

/* Begin XCConfigurationList section */
		0430FCA62080A46A000FDA6C /* Build configuration list for PBXProject "Rabbit" */ = {
			isa = XCConfigurationList;
			buildConfigurations = (
				0430FCBF2080A46E000FDA6C /* Debug */,
				0430FCC02080A46E000FDA6C /* Release */,
			);
			defaultConfigurationIsVisible = 0;
			defaultConfigurationName = Release;
		};
		0430FCC12080A46E000FDA6C /* Build configuration list for PBXNativeTarget "Rabbit" */ = {
			isa = XCConfigurationList;
			buildConfigurations = (
				0430FCC22080A46E000FDA6C /* Debug */,
				0430FCC32080A46E000FDA6C /* Release */,
			);
			defaultConfigurationIsVisible = 0;
			defaultConfigurationName = Release;
		};
/* End XCConfigurationList section */
	};
	rootObject = 0430FCA32080A46A000FDA6C /* Project object */;
}
